
Microsoft Visual Studio Solution File, Format Version 12.00
# Visual Studio 2012
Project("{FAE04EC0-301F-11D3-BF4B-00C04F79EFBC}") = "ModernUIApp2", "ModernUIApp2\ModernUIApp2.csproj", "{2DADC914-7B54-4300-A19B-42DF6E4F0EAF}"
EndProject
Global
	GlobalSection(SolutionConfigurationPlatforms) = preSolution
		Debug|Any CPU = Debug|Any CPU
		Release|Any CPU = Release|Any CPU
	EndGlobalSection
	GlobalSection(ProjectConfigurationPlatforms) = postSolution
		{2DADC914-7B54-4300-A19B-42DF6E4F0EAF}.Debug|Any CPU.ActiveCfg = Debug|Any CPU
		{2DADC914-7B54-4300-A19B-42DF6E4F0EAF}.Debug|Any CPU.Build.0 = Debug|Any CPU
		{2DADC914-7B54-4300-A19B-42DF6E4F0EAF}.Release|Any CPU.ActiveCfg = Release|Any CPU
		{2DADC914-7B54-4300-A19B-42DF6E4F0EAF}.Release|Any CPU.Build.0 = Release|Any CPU
	EndGlobalSection
	GlobalSection(SolutionProperties) = preSolution
		HideSolutionNode = FALSE
	EndGlobalSection
EndGlobal
